
Microsoft Visual Studio Solution File, Format Version 12.00
# Visual Studio Version 17
VisualStudioVersion = 17.6.33801.468
MinimumVisualStudioVersion = 10.0.40219.1
Project("{FAE04EC0-301F-11D3-BF4B-00C04F79EFBC}") = "BookStore", "BookStore\BookStore.csproj", "{7785898A-6103-40A8-9E14-30618993EB7E}"
EndProject
Project("{FAE04EC0-301F-11D3-BF4B-00C04F79EFBC}") = "Business", "Business\Business.csproj", "{758EA828-82BF-4840-BC96-6F3174164FD1}"
EndProject
Project("{FAE04EC0-301F-11D3-BF4B-00C04F79EFBC}") = "Core", "Core\Core.csproj", "{80244E1D-7690-4FBD-89E9-F79B20B7B91B}"
EndProject
Project("{FAE04EC0-301F-11D3-BF4B-00C04F79EFBC}") = "DataAccess", "DataAccess\DataAccess.csproj", "{0020A896-62C6-45ED-B47F-5507436DC6D1}"
EndProject
Project("{FAE04EC0-301F-11D3-BF4B-00C04F79EFBC}") = "Entities", "Entities\Entities.csproj", "{D4A5457E-C42E-49EB-A112-8D54AC1B4D15}"
EndProject
Global
	GlobalSection(SolutionConfigurationPlatforms) = preSolution
		Debug|Any CPU = Debug|Any CPU
		Release|Any CPU = Release|Any CPU
	EndGlobalSection
	GlobalSection(ProjectConfigurationPlatforms) = postSolution
		{7785898A-6103-40A8-9E14-30618993EB7E}.Debug|Any CPU.ActiveCfg = Debug|Any CPU
		{7785898A-6103-40A8-9E14-30618993EB7E}.Debug|Any CPU.Build.0 = Debug|Any CPU
		{7785898A-6103-40A8-9E14-30618993EB7E}.Release|Any CPU.ActiveCfg = Release|Any CPU
		{7785898A-6103-40A8-9E14-30618993EB7E}.Release|Any CPU.Build.0 = Release|Any CPU
		{758EA828-82BF-4840-BC96-6F3174164FD1}.Debug|Any CPU.ActiveCfg = Debug|Any CPU
		{758EA828-82BF-4840-BC96-6F3174164FD1}.Debug|Any CPU.Build.0 = Debug|Any CPU
		{758EA828-82BF-4840-BC96-6F3174164FD1}.Release|Any CPU.ActiveCfg = Release|Any CPU
		{758EA828-82BF-4840-BC96-6F3174164FD1}.Release|Any CPU.Build.0 = Release|Any CPU
		{80244E1D-7690-4FBD-89E9-F79B20B7B91B}.Debug|Any CPU.ActiveCfg = Debug|Any CPU
		{80244E1D-7690-4FBD-89E9-F79B20B7B91B}.Debug|Any CPU.Build.0 = Debug|Any CPU
		{80244E1D-7690-4FBD-89E9-F79B20B7B91B}.Release|Any CPU.ActiveCfg = Release|Any CPU
		{80244E1D-7690-4FBD-89E9-F79B20B7B91B}.Release|Any CPU.Build.0 = Release|Any CPU
		{0020A896-62C6-45ED-B47F-5507436DC6D1}.Debug|Any CPU.ActiveCfg = Debug|Any CPU
		{0020A896-62C6-45ED-B47F-5507436DC6D1}.Debug|Any CPU.Build.0 = Debug|Any CPU
		{0020A896-62C6-45ED-B47F-5507436DC6D1}.Release|Any CPU.ActiveCfg = Release|Any CPU
		{0020A896-62C6-45ED-B47F-5507436DC6D1}.Release|Any CPU.Build.0 = Release|Any CPU
		{D4A5457E-C42E-49EB-A112-8D54AC1B4D15}.Debug|Any CPU.ActiveCfg = Debug|Any CPU
		{D4A5457E-C42E-49EB-A112-8D54AC1B4D15}.Debug|Any CPU.Build.0 = Debug|Any CPU
		{D4A5457E-C42E-49EB-A112-8D54AC1B4D15}.Release|Any CPU.ActiveCfg = Release|Any CPU
		{D4A5457E-C42E-49EB-A112-8D54AC1B4D15}.Release|Any CPU.Build.0 = Release|Any CPU
	EndGlobalSection
	GlobalSection(SolutionProperties) = preSolution
		HideSolutionNode = FALSE
	EndGlobalSection
	GlobalSection(ExtensibilityGlobals) = postSolution
		SolutionGuid = {EBC1A7A9-79AD-4886-A294-BFC835A3AA16}
	EndGlobalSection
EndGlobal
