
Microsoft Visual Studio Solution File, Format Version 12.00
# Visual Studio Version 17
VisualStudioVersion = 17.5.33516.290
MinimumVisualStudioVersion = 10.0.40219.1
Project("{FAE04EC0-301F-11D3-BF4B-00C04F79EFBC}") = "KutuphanePlatformu", "KutuphanePlatformu\KutuphanePlatformu.csproj", "{58597C59-1C29-4165-9F94-A058AE5DBB12}"
EndProject
Global
	GlobalSection(SolutionConfigurationPlatforms) = preSolution
		Debug|Any CPU = Debug|Any CPU
		Release|Any CPU = Release|Any CPU
	EndGlobalSection
	GlobalSection(ProjectConfigurationPlatforms) = postSolution
		{58597C59-1C29-4165-9F94-A058AE5DBB12}.Debug|Any CPU.ActiveCfg = Debug|Any CPU
		{58597C59-1C29-4165-9F94-A058AE5DBB12}.Debug|Any CPU.Build.0 = Debug|Any CPU
		{58597C59-1C29-4165-9F94-A058AE5DBB12}.Release|Any CPU.ActiveCfg = Release|Any CPU
		{58597C59-1C29-4165-9F94-A058AE5DBB12}.Release|Any CPU.Build.0 = Release|Any CPU
	EndGlobalSection
	GlobalSection(SolutionProperties) = preSolution
		HideSolutionNode = FALSE
	EndGlobalSection
	GlobalSection(ExtensibilityGlobals) = postSolution
		SolutionGuid = {98163621-0BC7-48B9-94C0-D778AA6D9A84}
	EndGlobalSection
EndGlobal
